
Microsoft Visual Studio Solution File, Format Version 12.00
# Visual Studio 15
VisualStudioVersion = 15.0.28307.1000
MinimumVisualStudioVersion = 10.0.40219.1
Project("{FAE04EC0-301F-11D3-BF4B-00C04F79EFBC}") = "EcommereceTecvibes", "EcommereceTecvibes\EcommereceTecvibes.csproj", "{BB56E880-25A5-42BC-BD67-D2C8DA46CD59}"
EndProject
Global
	GlobalSection(SolutionConfigurationPlatforms) = preSolution
		Debug|Any CPU = Debug|Any CPU
		Release|Any CPU = Release|Any CPU
	EndGlobalSection
	GlobalSection(ProjectConfigurationPlatforms) = postSolution
		{BB56E880-25A5-42BC-BD67-D2C8DA46CD59}.Debug|Any CPU.ActiveCfg = Debug|Any CPU
		{BB56E880-25A5-42BC-BD67-D2C8DA46CD59}.Debug|Any CPU.Build.0 = Debug|Any CPU
		{BB56E880-25A5-42BC-BD67-D2C8DA46CD59}.Release|Any CPU.ActiveCfg = Release|Any CPU
		{BB56E880-25A5-42BC-BD67-D2C8DA46CD59}.Release|Any CPU.Build.0 = Release|Any CPU
	EndGlobalSection
	GlobalSection(SolutionProperties) = preSolution
		HideSolutionNode = FALSE
	EndGlobalSection
	GlobalSection(ExtensibilityGlobals) = postSolution
		SolutionGuid = {F5DD7B66-A668-4694-8424-18C070801180}
	EndGlobalSection
EndGlobal
